
Microsoft Visual Studio Solution File, Format Version 12.00
# Visual Studio Version 17
VisualStudioVersion = 17.4.33205.214
MinimumVisualStudioVersion = 10.0.40219.1
Project("{FAE04EC0-301F-11D3-BF4B-00C04F79EFBC}") = "ManagedIdentityTest", "ManagedIdentityTest\ManagedIdentityTest.csproj", "{A6F00843-ED7C-467E-9A13-1412FC3A59D6}"
EndProject
Global
	GlobalSection(SolutionConfigurationPlatforms) = preSolution
		Debug|Any CPU = Debug|Any CPU
		Release|Any CPU = Release|Any CPU
	EndGlobalSection
	GlobalSection(ProjectConfigurationPlatforms) = postSolution
		{A6F00843-ED7C-467E-9A13-1412FC3A59D6}.Debug|Any CPU.ActiveCfg = Debug|Any CPU
		{A6F00843-ED7C-467E-9A13-1412FC3A59D6}.Debug|Any CPU.Build.0 = Debug|Any CPU
		{A6F00843-ED7C-467E-9A13-1412FC3A59D6}.Release|Any CPU.ActiveCfg = Release|Any CPU
		{A6F00843-ED7C-467E-9A13-1412FC3A59D6}.Release|Any CPU.Build.0 = Release|Any CPU
	EndGlobalSection
	GlobalSection(SolutionProperties) = preSolution
		HideSolutionNode = FALSE
	EndGlobalSection
	GlobalSection(ExtensibilityGlobals) = postSolution
		SolutionGuid = {7D3D06AD-2A43-4598-BA13-64A79D7B367D}
	EndGlobalSection
EndGlobal
